version = 1
revision = 3
requires-python = "==3.11.*"
resolution-markers = [
    "sys_platform == 'win32'",
    "sys_platform == 'emscripten'",
    "sys_platform != 'emscripten' and sys_platform != 'win32'",
]

[[package]]
name = "docopt"
version = "0.6.2"
source = { registry = "https://pypi.org/simple" }
sdist = { url = "https://files.pythonhosted.org/packages/a2/55/8f8cab2afd404cf578136ef2cc5dfb50baa1761b68c9da1fb1e4eed343c9/docopt-0.6.2.tar.gz", hash = "sha256:49b3a825280bd66b3aa83585ef59c4a8c82f2c8a522dbe754a8bc8d08c85c491", size = 25901, upload-time = "2014-06-16T11:18:57.406Z" }

[[package]]
name = "markdown-it-py"
version = "4.2.0"
source = { registry = "https://pypi.org/simple" }
dependencies = [
    { name = "mdurl" },
]
sdist = { url = "https://files.pythonhosted.org/packages/06/ff/7841249c247aa650a76b9ee4bbaeae59370dc8bfd2f6c01f3630c35eb134/markdown_it_py-4.2.0.tar.gz", hash = "sha256:04a21681d6fbb623de53f6f364d352309d4094dd4194040a10fd51833e418d49", size = 82454, upload-time = "2026-05-07T12:08:28.36Z" }
wheels = [
    { url = "https://files.pythonhosted.org/packages/b3/81/4da04ced5a082363ecfa159c010d200ecbd959ae410c10c0264a38cac0f5/markdown_it_py-4.2.0-py3-none-any.whl", hash = "sha256:9f7ebbcd14fe59494226453aed97c1070d83f8d24b6fc3a3bcf9a38092641c4a", size = 91687, upload-time = "2026-05-07T12:08:27.182Z" },
]

[[package]]
name = "mdurl"
version = "0.1.2"
source = { registry = "https://pypi.org/simple" }
sdist = { url = "https://files.pythonhosted.org/packages/d6/54/cfe61301667036ec958cb99bd3efefba235e65cdeb9c84d24a8293ba1d90/mdurl-0.1.2.tar.gz", hash = "sha256:bb413d29f5eea38f31dd4754dd7377d4465116fb207585f97bf925588687c1ba", size = 8729, upload-time = "2022-08-14T12:40:10.846Z" }
wheels = [
    { url = "https://files.pythonhosted.org/packages/b3/38/89ba8ad64ae25be8de66a6d463314cf1eb366222074cfda9ee839c56a4b4/mdurl-0.1.2-py3-none-any.whl", hash = "sha256:84008a41e51615a49fc9966191ff91509e3c40b939176e643fd50a5c2196b8f8", size = 9979, upload-time = "2022-08-14T12:40:09.779Z" },
]

[[package]]
name = "numpy"
version = "1.26.4"
source = { registry = "https://pypi.org/simple" }
sdist = { url = "https://files.pythonhosted.org/packages/65/6e/09db70a523a96d25e115e71cc56a6f9031e7b8cd166c1ac8438307c14058/numpy-1.26.4.tar.gz", hash = "sha256:2a02aba9ed12e4ac4eb3ea9421c420301a0c6460d9830d74a9df87efa4912010", size = 15786129, upload-time = "2024-02-06T00:26:44.495Z" }
wheels = [
    { url = "https://files.pythonhosted.org/packages/11/57/baae43d14fe163fa0e4c47f307b6b2511ab8d7d30177c491960504252053/numpy-1.26.4-cp311-cp311-macosx_10_9_x86_64.whl", hash = "sha256:4c66707fabe114439db9068ee468c26bbdf909cac0fb58686a42a24de1760c71", size = 20630554, upload-time = "2024-02-05T23:51:50.149Z" },
    { url = "https://files.pythonhosted.org/packages/1a/2e/151484f49fd03944c4a3ad9c418ed193cfd02724e138ac8a9505d056c582/numpy-1.26.4-cp311-cp311-macosx_11_0_arm64.whl", hash = "sha256:edd8b5fe47dab091176d21bb6de568acdd906d1887a4584a15a9a96a1dca06ef", size = 13997127, upload-time = "2024-02-05T23:52:15.314Z" },
    { url = "https://files.pythonhosted.org/packages/79/ae/7e5b85136806f9dadf4878bf73cf223fe5c2636818ba3ab1c585d0403164/numpy-1.26.4-cp311-cp311-manylinux_2_17_aarch64.manylinux2014_aarch64.whl", hash = "sha256:7ab55401287bfec946ced39700c053796e7cc0e3acbef09993a9ad2adba6ca6e", size = 14222994, upload-time = "2024-02-05T23:52:47.569Z" },
    { url = "https://files.pythonhosted.org/packages/3a/d0/edc009c27b406c4f9cbc79274d6e46d634d139075492ad055e3d68445925/numpy-1.26.4-cp311-cp311-manylinux_2_17_x86_64.manylinux2014_x86_64.whl", hash = "sha256:666dbfb6ec68962c033a450943ded891bed2d54e6755e35e5835d63f4f6931d5", size = 18252005, upload-time = "2024-02-05T23:53:15.637Z" },
    { url = "https://files.pythonhosted.org/packages/09/bf/2b1aaf8f525f2923ff6cfcf134ae5e750e279ac65ebf386c75a0cf6da06a/numpy-1.26.4-cp311-cp311-musllinux_1_1_aarch64.whl", hash = "sha256:96ff0b2ad353d8f990b63294c8986f1ec3cb19d749234014f4e7eb0112ceba5a", size = 13885297, upload-time = "2024-02-05T23:53:42.16Z" },
    { url = "https://files.pythonhosted.org/packages/df/a0/4e0f14d847cfc2a633a1c8621d00724f3206cfeddeb66d35698c4e2cf3d2/numpy-1.26.4-cp311-cp311-musllinux_1_1_x86_64.whl", hash = "sha256:60dedbb91afcbfdc9bc0b1f3f402804070deed7392c23eb7a7f07fa857868e8a", size = 18093567, upload-time = "2024-02-05T23:54:11.696Z" },
    { url = "https://files.pythonhosted.org/packages/d2/b7/a734c733286e10a7f1a8ad1ae8c90f2d33bf604a96548e0a4a3a6739b468/numpy-1.26.4-cp311-cp311-win32.whl", hash = "sha256:1af303d6b2210eb850fcf03064d364652b7120803a0b872f5211f5234b399f20", size = 5968812, upload-time = "2024-02-05T23:54:26.453Z" },
    { url = "https://files.pythonhosted.org/packages/3f/6b/5610004206cf7f8e7ad91c5a85a8c71b2f2f8051a0c0c4d5916b76d6cbb2/numpy-1.26.4-cp311-cp311-win_amd64.whl", hash = "sha256:cd25bcecc4974d09257ffcd1f098ee778f7834c3ad767fe5db785be9a4aa9cb2", size = 15811913, upload-time = "2024-02-05T23:54:53.933Z" },
]

[[package]]
name = "packaging"
version = "26.2"
source = { registry = "https://pypi.org/simple" }
sdist = { url = "https://files.pythonhosted.org/packages/d7/f1/e7a6dd94a8d4a5626c03e4e99c87f241ba9e350cd9e6d75123f992427270/packaging-26.2.tar.gz", hash = "sha256:ff452ff5a3e828ce110190feff1178bb1f2ea2281fa2075aadb987c2fb221661", size = 228134, upload-time = "2026-04-24T20:15:23.917Z" }
wheels = [
    { url = "https://files.pythonhosted.org/packages/df/b2/87e62e8c3e2f4b32e5fe99e0b86d576da1312593b39f47d8ceef365e95ed/packaging-26.2-py3-none-any.whl", hash = "sha256:5fc45236b9446107ff2415ce77c807cee2862cb6fac22b8a73826d0693b0980e", size = 100195, upload-time = "2026-04-24T20:15:22.081Z" },
]

[[package]]
name = "pandas"
version = "3.0.5"
source = { registry = "https://pypi.org/simple" }
dependencies = [
    { name = "numpy" },
    { name = "python-dateutil" },
    { name = "tzdata", marker = "sys_platform == 'emscripten' or sys_platform == 'win32'" },
]
sdist = { url = "https://files.pythonhosted.org/packages/be/4f/5f3422a2afec5ffc46308b79e53291365a93748b498ac2e58bead0197916/pandas-3.0.5.tar.gz", hash = "sha256:dca3734d6ab7c906e6730f0788b0a1dbb9f2467731f9711f77995c8e9d62d712", size = 4658219, upload-time = "2026-07-22T22:19:28.819Z" }
wheels = [
    { url = "https://files.pythonhosted.org/packages/48/ef/f1fd7431d635bf20015489bf0bd69c17fff1018de773540f651455a3916b/pandas-3.0.5-cp311-cp311-macosx_10_9_x86_64.whl", hash = "sha256:2946e77e4a53cd248cbde631a12f0e51c8324ce354c3eba4d20147c1ad6f4282", size = 10397178, upload-time = "2026-07-22T22:17:48.274Z" },
    { url = "https://files.pythonhosted.org/packages/31/b4/0eafac990a431561187694126de01f9b12559549b4d86360c0c4bd870fde/pandas-3.0.5-cp311-cp311-macosx_11_0_arm64.whl", hash = "sha256:71ecc8fb7ed1a7aa4392316b5309a6347e8e7f832f38fd897846b3a1457a9298", size = 9990736, upload-time = "2026-07-22T22:17:52.388Z" },
    { url = "https://files.pythonhosted.org/packages/de/21/359880af3ea9b7cb23bea5b51e8e70ef3866c03be09da9a2787e18e330a8/pandas-3.0.5-cp311-cp311-manylinux_2_24_aarch64.manylinux_2_28_aarch64.whl", hash = "sha256:b173f5951ff6b8b0ec7675e20dff3c97b7e7a57dfcce387c2d7c5afe87cb7899", size = 10814438, upload-time = "2026-07-22T22:17:54.708Z" },
    { url = "https://files.pythonhosted.org/packages/d1/50/d6cc4d7e508bbccf5d6027314a8312bc7ac73d0ec7f195f53838daafab40/pandas-3.0.5-cp311-cp311-manylinux_2_24_x86_64.manylinux_2_28_x86_64.whl", hash = "sha256:2c0cf1dd9b55a22d105fc46c1b489af3bd42264fcba7c66297bf47a9a1d9c78a", size = 11323634, upload-time = "2026-07-22T22:17:56.858Z" },
    { url = "https://files.pythonhosted.org/packages/70/2b/d5f0a8c90dd0ae04e64ba53b871afb796ec026b615086d382ddc2ade729b/pandas-3.0.5-cp311-cp311-musllinux_1_2_aarch64.whl", hash = "sha256:0fac0010c75e4efb6b99e249c183a8993ce0dc95c240f9b120a5e67c727b7928", size = 11850860, upload-time = "2026-07-22T22:17:59.1Z" },
    { url = "https://files.pythonhosted.org/packages/5c/30/183aec2e19adf778a98d29b5729a0a68f4cc4ebf9b9c3b70d0297355bcb1/pandas-3.0.5-cp311-cp311-musllinux_1_2_x86_64.whl", hash = "sha256:08d24fe11a17dc33bd6e937dc9c665f9cba08fbdc9f657f405713515febe300d", size = 12411100, upload-time = "2026-07-22T22:18:01.485Z" },
    { url = "https://files.pythonhosted.org/packages/fa/9a/31f4983f191af51ab2a8f2d0c7b33dff3a84da26533f982fff02c2f9e28b/pandas-3.0.5-cp311-cp311-win_amd64.whl", hash = "sha256:b1261758dfb6cf12c3cff8300e21cefad30e7ec709abb4c24ac7318e6a52462a", size = 9968804, upload-time = "2026-07-22T22:18:03.903Z" },
    { url = "https://files.pythonhosted.org/packages/49/97/7886c89a39045c69ad82cbceaf3343810480c8ef49a216319ce8183860a6/pandas-3.0.5-cp311-cp311-win_arm64.whl", hash = "sha256:679f4e85b30ddb1515458ab1e788d3e260eae369b1f78da7a3aa4cac8ebf4a2a", size = 9205447, upload-time = "2026-07-22T22:18:06.134Z" },
]

[[package]]
name = "pygments"
version = "2.20.0"
source = { registry = "https://pypi.org/simple" }
sdist = { url = "https://files.pythonhosted.org/packages/c3/b2/bc9c9196916376152d655522fdcebac55e66de6603a76a02bca1b6414f6c/pygments-2.20.0.tar.gz", hash = "sha256:6757cd03768053ff99f3039c1a36d6c0aa0b263438fcab17520b30a303a82b5f", size = 4955991, upload-time = "2026-03-29T13:29:33.898Z" }
wheels = [
    { url = "https://files.pythonhosted.org/packages/f4/7e/a72dd26f3b0f4f2bf1dd8923c85f7ceb43172af56d63c7383eb62b332364/pygments-2.20.0-py3-none-any.whl", hash = "sha256:81a9e26dd42fd28a23a2d169d86d7ac03b46e2f8b59ed4698fb4785f946d0176", size = 1231151, upload-time = "2026-03-29T13:29:30.038Z" },
]

[[package]]
name = "pykwalify"
version = "1.8.0"
source = { registry = "https://pypi.org/simple" }
dependencies = [
    { name = "docopt" },
    { name = "python-dateutil" },
    { name = "ruamel-yaml" },
]
sdist = { url = "https://files.pythonhosted.org/packages/d5/77/2d6849510dbfce5f74f1f69768763630ad0385ad7bb0a4f39b55de3920c7/pykwalify-1.8.0.tar.gz", hash = "sha256:796b2ad3ed4cb99b88308b533fb2f559c30fa6efb4fa9fda11347f483d245884", size = 62462, upload-time = "2020-12-30T22:31:10.745Z" }
wheels = [
    { url = "https://files.pythonhosted.org/packages/1f/fd/ac2161cce19fd67a18c269073f8e86292b5511acec6f8ef6eab88615d032/pykwalify-1.8.0-py2.py3-none-any.whl", hash = "sha256:731dfa87338cca9f559d1fca2bdea37299116e3139b73f78ca90a543722d6651", size = 24860, upload-time = "2020-12-30T22:31:09.09Z" },
]

[[package]]
name = "pyradiomics"
version = "3.0.1a1"
source = { git = "https://github.com/AIM-Harvard/pyradiomics.git?rev=v3.1.0#6a761c4eb01905cfcb1139b0b158547c55edd4df" }
dependencies = [
    { name = "numpy" },
    { name = "pykwalify" },
    { name = "pywavelets" },
    { name = "simpleitk" },
    { name = "six" },
]

[[package]]
name = "pyradiomicsbatch"
version = "0.1.0"
source = { editable = "." }
dependencies = [
    { name = "numpy" },
    { name = "pandas" },
    { name = "pyradiomics" },
    { name = "rich" },
    { name = "setuptools" },
    { name = "wheel" },
]

[package.metadata]
requires-dist = [
    { name = "numpy", specifier = ">=1.26.4" },
    { name = "pandas", specifier = ">=2.0.0" },
    { name = "pyradiomics", git = "https://github.com/AIM-Harvard/pyradiomics.git?rev=v3.1.0" },
    { name = "rich", specifier = ">=15.0.0" },
    { name = "setuptools", specifier = ">=83.0.0" },
    { name = "wheel", specifier = ">=0.47.0" },
]

[[package]]
name = "python-dateutil"
version = "2.9.0.post0"
source = { registry = "https://pypi.org/simple" }
dependencies = [
    { name = "six" },
]
sdist = { url = "https://files.pythonhosted.org/packages/66/c0/0c8b6ad9f17a802ee498c46e004a0eb49bc148f2fd230864601a86dcf6db/python-dateutil-2.9.0.post0.tar.gz", hash = "sha256:37dd54208da7e1cd875388217d5e00ebd4179249f90fb72437e91a35459a0ad3", size = 342432, upload-time = "2024-03-01T18:36:20.211Z" }
wheels = [
    { url = "https://files.pythonhosted.org/packages/ec/57/56b9bcc3c9c6a792fcbaf139543cee77261f3651ca9da0c93f5c1221264b/python_dateutil-2.9.0.post0-py2.py3-none-any.whl", hash = "sha256:a8b2bc7bffae282281c8140a97d3aa9c14da0b136dfe83f850eea9a5f7470427", size = 229892, upload-time = "2024-03-01T18:36:18.57Z" },
]

[[package]]
name = "pywavelets"
version = "1.9.0"
source = { registry = "https://pypi.org/simple" }
dependencies = [
    { name = "numpy" },
]
sdist = { url = "https://files.pythonhosted.org/packages/5a/75/50581633d199812205ea8cdd0f6d52f12a624886b74bf1486335b67f01ff/pywavelets-1.9.0.tar.gz", hash = "sha256:148d12203377772bea452a59211d98649c8ee4a05eff019a9021853a36babdc8", size = 3938340, upload-time = "2025-08-04T16:20:04.978Z" }
wheels = [
    { url = "https://files.pythonhosted.org/packages/bd/8b/ca700d0c174c3a4eec1fbb603f04374d1fed84255c2a9f487cfaa749c865/pywavelets-1.9.0-cp311-cp311-macosx_10_9_x86_64.whl", hash = "sha256:54662cce4d56f0d6beaa6ebd34b2960f3aa4a43c83c9098a24729e9dc20a4be2", size = 4323640, upload-time = "2025-08-04T16:18:51.683Z" },
    { url = "https://files.pythonhosted.org/packages/b5/f3/0fa57b6407ea9c4452b0bc182141256b9481b479ffbfc9d7fdb73afe193b/pywavelets-1.9.0-cp311-cp311-macosx_11_0_arm64.whl", hash = "sha256:0d8ed4b4d1eab9347e8fe0c5b45008ce5a67225ce5b05766b8b1fa923a5f8b34", size = 4294938, upload-time = "2025-08-04T16:18:53.818Z" },
    { url = "https://files.pythonhosted.org/packages/ea/95/a998313c8459a57e488ff2b18e24be9e836aedda3aa3a1673197deeaa59a/pywavelets-1.9.0-cp311-cp311-manylinux_2_27_aarch64.manylinux_2_28_aarch64.whl", hash = "sha256:862be65481fdfecfd84c6b0ca132ba571c12697a082068921bca5b5e039f1371", size = 4472829, upload-time = "2025-08-04T16:18:55.508Z" },
    { url = "https://files.pythonhosted.org/packages/d8/8c/f316a153f7f89d2753df8a7371d15d0faab87e709fe02715dbc297c79385/pywavelets-1.9.0-cp311-cp311-manylinux_2_27_x86_64.manylinux_2_28_x86_64.whl", hash = "sha256:d76b7fa8fc500b09201d689b4f15bf5887e30ffbe2e1f338eb8470590eb4521a", size = 4524936, upload-time = "2025-08-04T16:18:57.146Z" },
    { url = "https://files.pythonhosted.org/packages/24/f7/89fdc1caef4b384a341a8e149253e23f36c1702bbb986a26123348624854/pywavelets-1.9.0-cp311-cp311-musllinux_1_2_aarch64.whl", hash = "sha256:aa859d0b686a697c87a47e29319aebe44125f114a4f8c7e444832b921f52de5a", size = 4481475, upload-time = "2025-08-04T16:18:58.725Z" },
    { url = "https://files.pythonhosted.org/packages/82/53/b733fbfb71853e4a5c430da56e325a763562d65241dd785f0fadb67aed6a/pywavelets-1.9.0-cp311-cp311-musllinux_1_2_x86_64.whl", hash = "sha256:20e97b84a263003e2c7348bcf72beba96edda1a6169f072dc4e4d4ee3a6c7368", size = 4527994, upload-time = "2025-08-04T16:18:59.917Z" },
    { url = "https://files.pythonhosted.org/packages/ed/15/5f6a6e9fdad8341e42642ed622a5f3033da4ea9d426cc3e574ae418b4726/pywavelets-1.9.0-cp311-cp311-win32.whl", hash = "sha256:f8330cdbfa506000e63e79525716df888998a76414c5cd6ecd9a7e371191fb05", size = 4136109, upload-time = "2025-08-04T16:19:01.511Z" },
    { url = "https://files.pythonhosted.org/packages/fd/33/62dbb4aea86ec9d79b283127c42cc896f4d4ff265a9aeb1337a7836dd550/pywavelets-1.9.0-cp311-cp311-win_amd64.whl", hash = "sha256:ed10959a17df294ef55948dcc76367d59ec7b6aad67e38dd4e313d2fe3ad47b2", size = 4228321, upload-time = "2025-08-04T16:19:03.164Z" },
]

[[package]]
name = "rich"
version = "15.0.0"
source = { registry = "https://pypi.org/simple" }
dependencies = [
    { name = "markdown-it-py" },
    { name = "pygments" },
]
sdist = { url = "https://files.pythonhosted.org/packages/c0/8f/0722ca900cc807c13a6a0c696dacf35430f72e0ec571c4275d2371fca3e9/rich-15.0.0.tar.gz", hash = "sha256:edd07a4824c6b40189fb7ac9bc4c52536e9780fbbfbddf6f1e2502c31b068c36", size = 230680, upload-time = "2026-04-12T08:24:00.75Z" }
wheels = [
    { url = "https://files.pythonhosted.org/packages/82/3b/64d4899d73f91ba49a8c18a8ff3f0ea8f1c1d75481760df8c68ef5235bf5/rich-15.0.0-py3-none-any.whl", hash = "sha256:33bd4ef74232fb73fe9279a257718407f169c09b78a87ad3d296f548e27de0bb", size = 310654, upload-time = "2026-04-12T08:24:02.83Z" },
]

[[package]]
name = "ruamel-yaml"
version = "0.19.1"
source = { registry = "https://pypi.org/simple" }
sdist = { url = "https://files.pythonhosted.org/packages/c7/3b/ebda527b56beb90cb7652cb1c7e4f91f48649fbcd8d2eb2fb6e77cd3329b/ruamel_yaml-0.19.1.tar.gz", hash = "sha256:53eb66cd27849eff968ebf8f0bf61f46cdac2da1d1f3576dd4ccee9b25c31993", size = 142709, upload-time = "2026-01-02T16:50:31.84Z" }
wheels = [
    { url = "https://files.pythonhosted.org/packages/b8/0c/51f6841f1d84f404f92463fc2b1ba0da357ca1e3db6b7fbda26956c3b82a/ruamel_yaml-0.19.1-py3-none-any.whl", hash = "sha256:27592957fedf6e0b62f281e96effd28043345e0e66001f97683aa9a40c667c93", size = 118102, upload-time = "2026-01-02T16:50:29.201Z" },
]

[[package]]
name = "setuptools"
version = "83.0.0"
source = { registry = "https://pypi.org/simple" }
sdist = { url = "https://files.pythonhosted.org/packages/34/26/f5d29e25ffdb535afef2d35cdb55b325298f96debd670da4c325e08d70f4/setuptools-83.0.0.tar.gz", hash = "sha256:025bccbbf0fa05b6192bc64ae1e7b16e001fd6d6d4d5de03c97b1c1ade523bef", size = 1154254, upload-time = "2026-07-04T15:31:22.699Z" }
wheels = [
    { url = "https://files.pythonhosted.org/packages/5d/40/e1e72872c6354b306daef1703549e8e83b4d43cfea356311bf722a043752/setuptools-83.0.0-py3-none-any.whl", hash = "sha256:29b23c360f22f414dc7336bb39178cc7bcbf6021ed2733cde173f09dba19abb3", size = 1008090, upload-time = "2026-07-04T15:31:20.885Z" },
]

[[package]]
name = "simpleitk"
version = "2.5.5"
source = { registry = "https://pypi.org/simple" }
sdist = { url = "https://files.pythonhosted.org/packages/28/8f/c21ee6dc4dbede4fc385b5d70703d45f749db2738c7b0c175546f43c9f86/simpleitk-2.5.5.tar.gz", hash = "sha256:254f70febed55868801c89f310e650eb1b87148d82b1d4e3628d8f0181a7f529", size = 2112106, upload-time = "2026-05-13T20:28:15.503Z" }
wheels = [
    { url = "https://files.pythonhosted.org/packages/79/39/b494f7c90a2739369ef04f7f09c67d29a8dd3150fff51b0c2f89111b7f81/simpleitk-2.5.5-cp311-abi3-macosx_10_9_x86_64.whl", hash = "sha256:e831d15f5ea5b0e02ed3a6ac5f2dd34ba0a0eeaa4ebacfb1d970999836b19ee0", size = 42679794, upload-time = "2026-05-13T20:24:49.959Z" },
    { url = "https://files.pythonhosted.org/packages/6e/34/4b3208b35dea488263a5c9f4a464ef20316f663e9e90d5de61349c31b327/simpleitk-2.5.5-cp311-abi3-macosx_11_0_arm64.whl", hash = "sha256:ee87416622cec6ed6b96747a0648c82c6e88f10b6553668ce90736f09ab5a994", size = 38646487, upload-time = "2026-05-13T20:25:09.636Z" },
    { url = "https://files.pythonhosted.org/packages/14/e5/6a77865140278c86a392a85bd2317a1097bd891f54955ebe5db623e4b37c/simpleitk-2.5.5-cp311-abi3-manylinux2014_aarch64.manylinux_2_17_aarch64.whl", hash = "sha256:847f42057d7bf01b5721b107dd3e00d4ee8d514f6f1ff85794ffedacaf4afc53", size = 48082097, upload-time = "2026-05-13T20:25:26.946Z" },
    { url = "https://files.pythonhosted.org/packages/9f/68/ed67a355a62848ee04bb4f01e89d3be871052c2c3ae6d5fc0fb2f6010979/simpleitk-2.5.5-cp311-abi3-manylinux2014_x86_64.manylinux_2_17_x86_64.whl", hash = "sha256:8ace5e392be00d5bec28c87ef1d73016f8ebe671dafffe9e9d045f20b0968033", size = 52778654, upload-time = "2026-05-13T20:25:41.737Z" },
    { url = "https://files.pythonhosted.org/packages/42/ab/3a03de43173749171340ad974636105cb02c780f76055551c874c3df7fff/simpleitk-2.5.5-cp311-abi3-win_amd64.whl", hash = "sha256:a5fcfcfe9242d3d509b254b3213ca0f5db2c15903f2fc375d9ac5d38e57d415d", size = 18920455, upload-time = "2026-05-13T20:25:48.765Z" },
]

[[package]]
name = "six"
version = "1.17.0"
source = { registry = "https://pypi.org/simple" }
sdist = { url = "https://files.pythonhosted.org/packages/94/e7/b2c673351809dca68a0e064b6af791aa332cf192da575fd474ed7d6f16a2/six-1.17.0.tar.gz", hash = "sha256:ff70335d468e7eb6ec65b95b99d3a2836546063f63acc5171de367e834932a81", size = 34031, upload-time = "2024-12-04T17:35:28.174Z" }
wheels = [
    { url = "https://files.pythonhosted.org/packages/b7/ce/149a00dd41f10bc29e5921b496af8b574d8413afcd5e30dfa0ed46c2cc5e/six-1.17.0-py2.py3-none-any.whl", hash = "sha256:4721f391ed90541fddacab5acf947aa0d3dc7d27b2e1e8eda2be8970586c3274", size = 11050, upload-time = "2024-12-04T17:35:26.475Z" },
]

[[package]]
name = "tzdata"
version = "2026.3"
source = { registry = "https://pypi.org/simple" }
sdist = { url = "https://files.pythonhosted.org/packages/92/ff/5a28bdfd8c3ebec42564ac7d0e54ca3db65044a9314a97f9564fa7a1e926/tzdata-2026.3.tar.gz", hash = "sha256:4a1518b8993086a7982523e071643f3c0e5f213e75b21318e78bcabfff9d1415", size = 198674, upload-time = "2026-07-10T08:50:37.887Z" }
wheels = [
    { url = "https://files.pythonhosted.org/packages/e5/6d/b53b99a9f2766d095985947a5782f1702cabb129a34f7a802d7197af832f/tzdata-2026.3-py2.py3-none-any.whl", hash = "sha256:dc096730c87af6cab1b171c9d532be840741ff5d459015e7f6947bd7d7e54931", size = 348168, upload-time = "2026-07-10T08:50:36.46Z" },
]

[[package]]
name = "wheel"
version = "0.47.0"
source = { registry = "https://pypi.org/simple" }
dependencies = [
    { name = "packaging" },
]
sdist = { url = "https://files.pythonhosted.org/packages/39/62/75f18a0f03b4219c456652c7780e4d749b929eb605c098ce3a5b6b6bc081/wheel-0.47.0.tar.gz", hash = "sha256:cc72bd1009ba0cf63922e28f94d9d83b920aa2bb28f798a31d0691b02fa3c9b3", size = 63854, upload-time = "2026-04-22T15:51:27.727Z" }
wheels = [
    { url = "https://files.pythonhosted.org/packages/87/1b/9e33c09813d65e248f7f773119148a612516a4bea93e9c6f545f78455b7c/wheel-0.47.0-py3-none-any.whl", hash = "sha256:212281cab4dff978f6cedd499cd893e1f620791ca6ff7107cf270781e587eced", size = 32218, upload-time = "2026-04-22T15:51:26.296Z" },
]
